
Microsoft Visual Studio Solution File, Format Version 12.00
# Visual Studio Version 16
VisualStudioVersion = 16.0.29509.3
MinimumVisualStudioVersion = 10.0.40219.1
Project("{FAE04EC0-301F-11D3-BF4B-00C04F79EFBC}") = "day1", "day1\day1.csproj", "{A50AA2CD-FDBF-4364-8C93-54CC7FE25F9A}"
EndProject
Global
	GlobalSection(SolutionConfigurationPlatforms) = preSolution
		Debug|Any CPU = Debug|Any CPU
		Release|Any CPU = Release|Any CPU
	EndGlobalSection
	GlobalSection(ProjectConfigurationPlatforms) = postSolution
		{A50AA2CD-FDBF-4364-8C93-54CC7FE25F9A}.Debug|Any CPU.ActiveCfg = Debug|Any CPU
		{A50AA2CD-FDBF-4364-8C93-54CC7FE25F9A}.Debug|Any CPU.Build.0 = Debug|Any CPU
		{A50AA2CD-FDBF-4364-8C93-54CC7FE25F9A}.Release|Any CPU.ActiveCfg = Release|Any CPU
		{A50AA2CD-FDBF-4364-8C93-54CC7FE25F9A}.Release|Any CPU.Build.0 = Release|Any CPU
	EndGlobalSection
	GlobalSection(SolutionProperties) = preSolution
		HideSolutionNode = FALSE
	EndGlobalSection
	GlobalSection(ExtensibilityGlobals) = postSolution
		SolutionGuid = {E76DB66E-3501-493D-9314-361E14402CDE}
	EndGlobalSection
EndGlobal
